
Microsoft Visual Studio Solution File, Format Version 12.00
# Visual Studio Version 17
VisualStudioVersion = 17.14.36616.10 d17.14
MinimumVisualStudioVersion = 10.0.40219.1
Project("{FAE04EC0-301F-11D3-BF4B-00C04F79EFBC}") = "Webapplicationdemo", "Webapplicationdemo\Webapplicationdemo.csproj", "{667943E8-25C0-4205-BC1E-734EB056C4B9}"
EndProject
Global
	GlobalSection(SolutionConfigurationPlatforms) = preSolution
		Debug|Any CPU = Debug|Any CPU
		Release|Any CPU = Release|Any CPU
	EndGlobalSection
	GlobalSection(ProjectConfigurationPlatforms) = postSolution
		{667943E8-25C0-4205-BC1E-734EB056C4B9}.Debug|Any CPU.ActiveCfg = Debug|Any CPU
		{667943E8-25C0-4205-BC1E-734EB056C4B9}.Debug|Any CPU.Build.0 = Debug|Any CPU
		{667943E8-25C0-4205-BC1E-734EB056C4B9}.Release|Any CPU.ActiveCfg = Release|Any CPU
		{667943E8-25C0-4205-BC1E-734EB056C4B9}.Release|Any CPU.Build.0 = Release|Any CPU
	EndGlobalSection
	GlobalSection(SolutionProperties) = preSolution
		HideSolutionNode = FALSE
	EndGlobalSection
	GlobalSection(ExtensibilityGlobals) = postSolution
		SolutionGuid = {4A6019C1-38BA-49AB-8BC4-BB53B67929C0}
	EndGlobalSection
EndGlobal
