
Microsoft Visual Studio Solution File, Format Version 12.00
# Visual Studio Version 17
VisualStudioVersion = 17.14.36616.10 d17.14
MinimumVisualStudioVersion = 10.0.40219.1
Project("{FAE04EC0-301F-11D3-BF4B-00C04F79EFBC}") = "trainingDay_2", "trainingDay_2\trainingDay_2.csproj", "{A93F833A-9825-49C7-928F-D885851BFBA5}"
EndProject
Global
	GlobalSection(SolutionConfigurationPlatforms) = preSolution
		Debug|Any CPU = Debug|Any CPU
		Release|Any CPU = Release|Any CPU
	EndGlobalSection
	GlobalSection(ProjectConfigurationPlatforms) = postSolution
		{A93F833A-9825-49C7-928F-D885851BFBA5}.Debug|Any CPU.ActiveCfg = Debug|Any CPU
		{A93F833A-9825-49C7-928F-D885851BFBA5}.Debug|Any CPU.Build.0 = Debug|Any CPU
		{A93F833A-9825-49C7-928F-D885851BFBA5}.Release|Any CPU.ActiveCfg = Release|Any CPU
		{A93F833A-9825-49C7-928F-D885851BFBA5}.Release|Any CPU.Build.0 = Release|Any CPU
	EndGlobalSection
	GlobalSection(SolutionProperties) = preSolution
		HideSolutionNode = FALSE
	EndGlobalSection
	GlobalSection(ExtensibilityGlobals) = postSolution
		SolutionGuid = {58DC0BE0-5937-48E9-BEEC-B97AC8AFE6ED}
	EndGlobalSection
EndGlobal
