
Microsoft Visual Studio Solution File, Format Version 12.00
# Visual Studio Version 17
VisualStudioVersion = 17.14.36616.10 d17.14
MinimumVisualStudioVersion = 10.0.40219.1
Project("{FAE04EC0-301F-11D3-BF4B-00C04F79EFBC}") = "Filehandling", "Filehandling\Filehandling.csproj", "{D591A5F8-4062-4FB0-A957-2C617F7E71AE}"
EndProject
Global
	GlobalSection(SolutionConfigurationPlatforms) = preSolution
		Debug|Any CPU = Debug|Any CPU
		Release|Any CPU = Release|Any CPU
	EndGlobalSection
	GlobalSection(ProjectConfigurationPlatforms) = postSolution
		{D591A5F8-4062-4FB0-A957-2C617F7E71AE}.Debug|Any CPU.ActiveCfg = Debug|Any CPU
		{D591A5F8-4062-4FB0-A957-2C617F7E71AE}.Debug|Any CPU.Build.0 = Debug|Any CPU
		{D591A5F8-4062-4FB0-A957-2C617F7E71AE}.Release|Any CPU.ActiveCfg = Release|Any CPU
		{D591A5F8-4062-4FB0-A957-2C617F7E71AE}.Release|Any CPU.Build.0 = Release|Any CPU
	EndGlobalSection
	GlobalSection(SolutionProperties) = preSolution
		HideSolutionNode = FALSE
	EndGlobalSection
	GlobalSection(ExtensibilityGlobals) = postSolution
		SolutionGuid = {E4AB83B1-5D13-441B-BD21-E9B2D7CE9EA8}
	EndGlobalSection
EndGlobal
