
Microsoft Visual Studio Solution File, Format Version 12.00
# Visual Studio Version 17
VisualStudioVersion = 17.14.36616.10 d17.14
MinimumVisualStudioVersion = 10.0.40219.1
Project("{FAE04EC0-301F-11D3-BF4B-00C04F79EFBC}") = "TrainningDay14", "TrainningDay14\TrainningDay14.csproj", "{91D12C8D-86FD-42E2-B23B-9072BD5DF644}"
EndProject
Global
	GlobalSection(SolutionConfigurationPlatforms) = preSolution
		Debug|Any CPU = Debug|Any CPU
		Release|Any CPU = Release|Any CPU
	EndGlobalSection
	GlobalSection(ProjectConfigurationPlatforms) = postSolution
		{91D12C8D-86FD-42E2-B23B-9072BD5DF644}.Debug|Any CPU.ActiveCfg = Debug|Any CPU
		{91D12C8D-86FD-42E2-B23B-9072BD5DF644}.Debug|Any CPU.Build.0 = Debug|Any CPU
		{91D12C8D-86FD-42E2-B23B-9072BD5DF644}.Release|Any CPU.ActiveCfg = Release|Any CPU
		{91D12C8D-86FD-42E2-B23B-9072BD5DF644}.Release|Any CPU.Build.0 = Release|Any CPU
	EndGlobalSection
	GlobalSection(SolutionProperties) = preSolution
		HideSolutionNode = FALSE
	EndGlobalSection
	GlobalSection(ExtensibilityGlobals) = postSolution
		SolutionGuid = {8F3CF5B6-9FFC-494A-A782-BAE5301A033A}
	EndGlobalSection
EndGlobal
