
Microsoft Visual Studio Solution File, Format Version 12.00
# Visual Studio Version 17
VisualStudioVersion = 17.14.36616.10 d17.14
MinimumVisualStudioVersion = 10.0.40219.1
Project("{FAE04EC0-301F-11D3-BF4B-00C04F79EFBC}") = "RemotingTrn", "RemotingTrn\RemotingTrn.csproj", "{EE1F7D70-6608-483C-820E-2A4C93E8C545}"
EndProject
Project("{FAE04EC0-301F-11D3-BF4B-00C04F79EFBC}") = "RemotingLib", "RemotingLib\RemotingLib.csproj", "{6296DAF4-6A5E-42F6-8475-8BABB1E774BB}"
EndProject
Project("{FAE04EC0-301F-11D3-BF4B-00C04F79EFBC}") = "ServerApp", "ServerApp\ServerApp.csproj", "{048C45E1-DE88-4711-8237-FA535DD3FCD8}"
EndProject
Project("{FAE04EC0-301F-11D3-BF4B-00C04F79EFBC}") = "ClientApp", "ClientApp\ClientApp.csproj", "{24313252-731F-49FD-B7C3-2E1589BFF2D5}"
EndProject
Global
	GlobalSection(SolutionConfigurationPlatforms) = preSolution
		Debug|Any CPU = Debug|Any CPU
		Release|Any CPU = Release|Any CPU
	EndGlobalSection
	GlobalSection(ProjectConfigurationPlatforms) = postSolution
		{EE1F7D70-6608-483C-820E-2A4C93E8C545}.Debug|Any CPU.ActiveCfg = Debug|Any CPU
		{EE1F7D70-6608-483C-820E-2A4C93E8C545}.Debug|Any CPU.Build.0 = Debug|Any CPU
		{EE1F7D70-6608-483C-820E-2A4C93E8C545}.Release|Any CPU.ActiveCfg = Release|Any CPU
		{EE1F7D70-6608-483C-820E-2A4C93E8C545}.Release|Any CPU.Build.0 = Release|Any CPU
		{6296DAF4-6A5E-42F6-8475-8BABB1E774BB}.Debug|Any CPU.ActiveCfg = Debug|Any CPU
		{6296DAF4-6A5E-42F6-8475-8BABB1E774BB}.Debug|Any CPU.Build.0 = Debug|Any CPU
		{6296DAF4-6A5E-42F6-8475-8BABB1E774BB}.Release|Any CPU.ActiveCfg = Release|Any CPU
		{6296DAF4-6A5E-42F6-8475-8BABB1E774BB}.Release|Any CPU.Build.0 = Release|Any CPU
		{048C45E1-DE88-4711-8237-FA535DD3FCD8}.Debug|Any CPU.ActiveCfg = Debug|Any CPU
		{048C45E1-DE88-4711-8237-FA535DD3FCD8}.Debug|Any CPU.Build.0 = Debug|Any CPU
		{048C45E1-DE88-4711-8237-FA535DD3FCD8}.Release|Any CPU.ActiveCfg = Release|Any CPU
		{048C45E1-DE88-4711-8237-FA535DD3FCD8}.Release|Any CPU.Build.0 = Release|Any CPU
		{24313252-731F-49FD-B7C3-2E1589BFF2D5}.Debug|Any CPU.ActiveCfg = Debug|Any CPU
		{24313252-731F-49FD-B7C3-2E1589BFF2D5}.Debug|Any CPU.Build.0 = Debug|Any CPU
		{24313252-731F-49FD-B7C3-2E1589BFF2D5}.Release|Any CPU.ActiveCfg = Release|Any CPU
		{24313252-731F-49FD-B7C3-2E1589BFF2D5}.Release|Any CPU.Build.0 = Release|Any CPU
	EndGlobalSection
	GlobalSection(SolutionProperties) = preSolution
		HideSolutionNode = FALSE
	EndGlobalSection
	GlobalSection(ExtensibilityGlobals) = postSolution
		SolutionGuid = {AC04FE0E-E1CF-4A34-99B9-A06728E4A0C3}
	EndGlobalSection
EndGlobal
