
Microsoft Visual Studio Solution File, Format Version 12.00
# Visual Studio Version 17
VisualStudioVersion = 17.14.36616.10 d17.14
MinimumVisualStudioVersion = 10.0.40219.1
Project("{FAE04EC0-301F-11D3-BF4B-00C04F79EFBC}") = "DataProjectDemo", "DataProjectDemo\DataProjectDemo.csproj", "{9D4DAB74-FBF3-4C97-8D7B-8E5F76CA6F8E}"
EndProject
Global
	GlobalSection(SolutionConfigurationPlatforms) = preSolution
		Debug|Any CPU = Debug|Any CPU
		Release|Any CPU = Release|Any CPU
	EndGlobalSection
	GlobalSection(ProjectConfigurationPlatforms) = postSolution
		{9D4DAB74-FBF3-4C97-8D7B-8E5F76CA6F8E}.Debug|Any CPU.ActiveCfg = Debug|Any CPU
		{9D4DAB74-FBF3-4C97-8D7B-8E5F76CA6F8E}.Debug|Any CPU.Build.0 = Debug|Any CPU
		{9D4DAB74-FBF3-4C97-8D7B-8E5F76CA6F8E}.Release|Any CPU.ActiveCfg = Release|Any CPU
		{9D4DAB74-FBF3-4C97-8D7B-8E5F76CA6F8E}.Release|Any CPU.Build.0 = Release|Any CPU
	EndGlobalSection
	GlobalSection(SolutionProperties) = preSolution
		HideSolutionNode = FALSE
	EndGlobalSection
	GlobalSection(ExtensibilityGlobals) = postSolution
		SolutionGuid = {EC355C4C-BB2D-4A09-852E-AAB3343EA0A3}
	EndGlobalSection
EndGlobal
