
Microsoft Visual Studio Solution File, Format Version 12.00
# Visual Studio Version 17
VisualStudioVersion = 17.14.36616.10 d17.14
MinimumVisualStudioVersion = 10.0.40219.1
Project("{FAE04EC0-301F-11D3-BF4B-00C04F79EFBC}") = "ADOdemo", "ADOdemo\ADOdemo.csproj", "{EB16C903-10EB-49C0-93A1-72CB8F731C2A}"
EndProject
Global
	GlobalSection(SolutionConfigurationPlatforms) = preSolution
		Debug|Any CPU = Debug|Any CPU
		Release|Any CPU = Release|Any CPU
	EndGlobalSection
	GlobalSection(ProjectConfigurationPlatforms) = postSolution
		{EB16C903-10EB-49C0-93A1-72CB8F731C2A}.Debug|Any CPU.ActiveCfg = Debug|Any CPU
		{EB16C903-10EB-49C0-93A1-72CB8F731C2A}.Debug|Any CPU.Build.0 = Debug|Any CPU
		{EB16C903-10EB-49C0-93A1-72CB8F731C2A}.Release|Any CPU.ActiveCfg = Release|Any CPU
		{EB16C903-10EB-49C0-93A1-72CB8F731C2A}.Release|Any CPU.Build.0 = Release|Any CPU
	EndGlobalSection
	GlobalSection(SolutionProperties) = preSolution
		HideSolutionNode = FALSE
	EndGlobalSection
	GlobalSection(ExtensibilityGlobals) = postSolution
		SolutionGuid = {58497243-1E12-4790-B9A1-D449631A21C7}
	EndGlobalSection
EndGlobal
