
Microsoft Visual Studio Solution File, Format Version 12.00
# Visual Studio Version 17
VisualStudioVersion = 17.14.36616.10 d17.14
MinimumVisualStudioVersion = 10.0.40219.1
Project("{FAE04EC0-301F-11D3-BF4B-00C04F79EFBC}") = "Assignment", "Assignment\Assignment.csproj", "{8B947029-AD71-4C85-8183-4596097D7CBE}"
EndProject
Global
	GlobalSection(SolutionConfigurationPlatforms) = preSolution
		Debug|Any CPU = Debug|Any CPU
		Release|Any CPU = Release|Any CPU
	EndGlobalSection
	GlobalSection(ProjectConfigurationPlatforms) = postSolution
		{8B947029-AD71-4C85-8183-4596097D7CBE}.Debug|Any CPU.ActiveCfg = Debug|Any CPU
		{8B947029-AD71-4C85-8183-4596097D7CBE}.Debug|Any CPU.Build.0 = Debug|Any CPU
		{8B947029-AD71-4C85-8183-4596097D7CBE}.Release|Any CPU.ActiveCfg = Release|Any CPU
		{8B947029-AD71-4C85-8183-4596097D7CBE}.Release|Any CPU.Build.0 = Release|Any CPU
	EndGlobalSection
	GlobalSection(SolutionProperties) = preSolution
		HideSolutionNode = FALSE
	EndGlobalSection
	GlobalSection(ExtensibilityGlobals) = postSolution
		SolutionGuid = {0CEE1A22-8112-4D55-87C6-3B4A7898BB1C}
	EndGlobalSection
EndGlobal
