
Microsoft Visual Studio Solution File, Format Version 12.00
# Visual Studio Version 17
VisualStudioVersion = 17.14.36616.10 d17.14
MinimumVisualStudioVersion = 10.0.40219.1
Project("{FAE04EC0-301F-11D3-BF4B-00C04F79EFBC}") = "ADODisconnecteddemo", "ADODisconnecteddemo\ADODisconnecteddemo.csproj", "{DD76DA16-1FC4-4DC9-A807-F173E5125DA6}"
EndProject
Global
	GlobalSection(SolutionConfigurationPlatforms) = preSolution
		Debug|Any CPU = Debug|Any CPU
		Release|Any CPU = Release|Any CPU
	EndGlobalSection
	GlobalSection(ProjectConfigurationPlatforms) = postSolution
		{DD76DA16-1FC4-4DC9-A807-F173E5125DA6}.Debug|Any CPU.ActiveCfg = Debug|Any CPU
		{DD76DA16-1FC4-4DC9-A807-F173E5125DA6}.Debug|Any CPU.Build.0 = Debug|Any CPU
		{DD76DA16-1FC4-4DC9-A807-F173E5125DA6}.Release|Any CPU.ActiveCfg = Release|Any CPU
		{DD76DA16-1FC4-4DC9-A807-F173E5125DA6}.Release|Any CPU.Build.0 = Release|Any CPU
	EndGlobalSection
	GlobalSection(SolutionProperties) = preSolution
		HideSolutionNode = FALSE
	EndGlobalSection
	GlobalSection(ExtensibilityGlobals) = postSolution
		SolutionGuid = {24CEA7C2-942C-4FF0-B204-5F974CBE29CE}
	EndGlobalSection
EndGlobal
