
Microsoft Visual Studio Solution File, Format Version 12.00
# Visual Studio Version 17
VisualStudioVersion = 17.14.36616.10 d17.14
MinimumVisualStudioVersion = 10.0.40219.1
Project("{FAE04EC0-301F-11D3-BF4B-00C04F79EFBC}") = "ModelFirstDemo", "ModelFirstDemo\ModelFirstDemo.csproj", "{DFAF91F4-3453-491E-B60F-634DE69FDCCF}"
EndProject
Global
	GlobalSection(SolutionConfigurationPlatforms) = preSolution
		Debug|Any CPU = Debug|Any CPU
		Release|Any CPU = Release|Any CPU
	EndGlobalSection
	GlobalSection(ProjectConfigurationPlatforms) = postSolution
		{DFAF91F4-3453-491E-B60F-634DE69FDCCF}.Debug|Any CPU.ActiveCfg = Debug|Any CPU
		{DFAF91F4-3453-491E-B60F-634DE69FDCCF}.Debug|Any CPU.Build.0 = Debug|Any CPU
		{DFAF91F4-3453-491E-B60F-634DE69FDCCF}.Release|Any CPU.ActiveCfg = Release|Any CPU
		{DFAF91F4-3453-491E-B60F-634DE69FDCCF}.Release|Any CPU.Build.0 = Release|Any CPU
	EndGlobalSection
	GlobalSection(SolutionProperties) = preSolution
		HideSolutionNode = FALSE
	EndGlobalSection
	GlobalSection(ExtensibilityGlobals) = postSolution
		SolutionGuid = {90B82AAE-99D4-43DD-A7E2-BBB593D7272D}
	EndGlobalSection
EndGlobal
